
Microsoft Visual Studio Solution File, Format Version 12.00
# Visual Studio Version 17
VisualStudioVersion = 17.14.37203.1 d17.14
MinimumVisualStudioVersion = 10.0.40219.1
Project("{FAE04EC0-301F-11D3-BF4B-00C04F79EFBC}") = "Foodhub_1", "Foodhub_1\Foodhub_1.csproj", "{32323491-49BE-4A1C-8B25-1E6667CD6899}"
EndProject
Global
	GlobalSection(SolutionConfigurationPlatforms) = preSolution
		Debug|Any CPU = Debug|Any CPU
		Release|Any CPU = Release|Any CPU
	EndGlobalSection
	GlobalSection(ProjectConfigurationPlatforms) = postSolution
		{32323491-49BE-4A1C-8B25-1E6667CD6899}.Debug|Any CPU.ActiveCfg = Debug|Any CPU
		{32323491-49BE-4A1C-8B25-1E6667CD6899}.Debug|Any CPU.Build.0 = Debug|Any CPU
		{32323491-49BE-4A1C-8B25-1E6667CD6899}.Release|Any CPU.ActiveCfg = Release|Any CPU
		{32323491-49BE-4A1C-8B25-1E6667CD6899}.Release|Any CPU.Build.0 = Release|Any CPU
	EndGlobalSection
	GlobalSection(SolutionProperties) = preSolution
		HideSolutionNode = FALSE
	EndGlobalSection
	GlobalSection(ExtensibilityGlobals) = postSolution
		SolutionGuid = {E3DE0643-3587-42A0-98CF-228C0D4CF33C}
	EndGlobalSection
EndGlobal
